
Microsoft Visual Studio Solution File, Format Version 12.00
# Visual Studio Version 17
VisualStudioVersion = 17.9.34616.47
MinimumVisualStudioVersion = 10.0.40219.1
Project("{FAE04EC0-301F-11D3-BF4B-00C04F79EFBC}") = "Ecommerce", "Ecommerce\Ecommerce.csproj", "{91AAC156-A611-4703-BD80-BEC1B3F2F927}"
EndProject
Project("{FAE04EC0-301F-11D3-BF4B-00C04F79EFBC}") = "Core", "Core\Core.csproj", "{6122CF09-A09F-49D6-B531-5AFE5DB09F44}"
EndProject
Project("{FAE04EC0-301F-11D3-BF4B-00C04F79EFBC}") = "Infrastructure", "Infrastructure\Infrastructure.csproj", "{5DD84D1C-4962-450E-9171-C0CC783DFC0B}"
EndProject
Global
	GlobalSection(SolutionConfigurationPlatforms) = preSolution
		Debug|Any CPU = Debug|Any CPU
		Release|Any CPU = Release|Any CPU
	EndGlobalSection
	GlobalSection(ProjectConfigurationPlatforms) = postSolution
		{91AAC156-A611-4703-BD80-BEC1B3F2F927}.Debug|Any CPU.ActiveCfg = Debug|Any CPU
		{91AAC156-A611-4703-BD80-BEC1B3F2F927}.Debug|Any CPU.Build.0 = Debug|Any CPU
		{91AAC156-A611-4703-BD80-BEC1B3F2F927}.Release|Any CPU.ActiveCfg = Release|Any CPU
		{91AAC156-A611-4703-BD80-BEC1B3F2F927}.Release|Any CPU.Build.0 = Release|Any CPU
		{6122CF09-A09F-49D6-B531-5AFE5DB09F44}.Debug|Any CPU.ActiveCfg = Debug|Any CPU
		{6122CF09-A09F-49D6-B531-5AFE5DB09F44}.Debug|Any CPU.Build.0 = Debug|Any CPU
		{6122CF09-A09F-49D6-B531-5AFE5DB09F44}.Release|Any CPU.ActiveCfg = Release|Any CPU
		{6122CF09-A09F-49D6-B531-5AFE5DB09F44}.Release|Any CPU.Build.0 = Release|Any CPU
		{5DD84D1C-4962-450E-9171-C0CC783DFC0B}.Debug|Any CPU.ActiveCfg = Debug|Any CPU
		{5DD84D1C-4962-450E-9171-C0CC783DFC0B}.Debug|Any CPU.Build.0 = Debug|Any CPU
		{5DD84D1C-4962-450E-9171-C0CC783DFC0B}.Release|Any CPU.ActiveCfg = Release|Any CPU
		{5DD84D1C-4962-450E-9171-C0CC783DFC0B}.Release|Any CPU.Build.0 = Release|Any CPU
	EndGlobalSection
	GlobalSection(SolutionProperties) = preSolution
		HideSolutionNode = FALSE
	EndGlobalSection
	GlobalSection(ExtensibilityGlobals) = postSolution
		SolutionGuid = {E2A2A6B9-B97F-4C96-B002-3F081E017E30}
	EndGlobalSection
EndGlobal
